
Microsoft Visual Studio Solution File, Format Version 12.00
# Visual Studio 14
VisualStudioVersion = 14.0.25420.1
MinimumVisualStudioVersion = 10.0.40219.1
Project("{FAE04EC0-301F-11D3-BF4B-00C04F79EFBC}") = "MeshAnalysis", "MeshAnalysis.csproj", "{148805B6-EC12-40C1-A652-266D0F2B02A6}"
EndProject
Project("{FAE04EC0-301F-11D3-BF4B-00C04F79EFBC}") = "Controls", "..\Controls\Controls.csproj", "{63DD1D2B-91DE-49AB-869D-4F99EE813D68}"
EndProject
Project("{FAE04EC0-301F-11D3-BF4B-00C04F79EFBC}") = "XmlTypes", "XmlTypes\XmlTypes.csproj", "{3D1EF10D-DDDA-4891-94A8-3C0146B86493}"
EndProject
Project("{2150E333-8FDC-42A3-9474-1A3956D46DE8}") = "Tests", "Tests", "{5C46D1BA-9DD4-496B-B1FC-DB52471F08C0}"
EndProject
Project("{FAE04EC0-301F-11D3-BF4B-00C04F79EFBC}") = "Controls.Test", "Controls.Test\Controls.Test.csproj", "{9FF5915B-F31E-4C0F-8E53-52CE1527E35B}"
EndProject
Global
	GlobalSection(SolutionConfigurationPlatforms) = preSolution
		Debug|Any CPU = Debug|Any CPU
		Release|Any CPU = Release|Any CPU
	EndGlobalSection
	GlobalSection(ProjectConfigurationPlatforms) = postSolution
		{148805B6-EC12-40C1-A652-266D0F2B02A6}.Debug|Any CPU.ActiveCfg = Debug|Any CPU
		{148805B6-EC12-40C1-A652-266D0F2B02A6}.Debug|Any CPU.Build.0 = Debug|Any CPU
		{148805B6-EC12-40C1-A652-266D0F2B02A6}.Release|Any CPU.ActiveCfg = Release|Any CPU
		{148805B6-EC12-40C1-A652-266D0F2B02A6}.Release|Any CPU.Build.0 = Release|Any CPU
		{63DD1D2B-91DE-49AB-869D-4F99EE813D68}.Debug|Any CPU.ActiveCfg = Debug|Any CPU
		{63DD1D2B-91DE-49AB-869D-4F99EE813D68}.Debug|Any CPU.Build.0 = Debug|Any CPU
		{63DD1D2B-91DE-49AB-869D-4F99EE813D68}.Release|Any CPU.ActiveCfg = Release|Any CPU
		{63DD1D2B-91DE-49AB-869D-4F99EE813D68}.Release|Any CPU.Build.0 = Release|Any CPU
		{3D1EF10D-DDDA-4891-94A8-3C0146B86493}.Debug|Any CPU.ActiveCfg = Debug|Any CPU
		{3D1EF10D-DDDA-4891-94A8-3C0146B86493}.Debug|Any CPU.Build.0 = Debug|Any CPU
		{3D1EF10D-DDDA-4891-94A8-3C0146B86493}.Release|Any CPU.ActiveCfg = Release|Any CPU
		{3D1EF10D-DDDA-4891-94A8-3C0146B86493}.Release|Any CPU.Build.0 = Release|Any CPU
		{9FF5915B-F31E-4C0F-8E53-52CE1527E35B}.Debug|Any CPU.ActiveCfg = Debug|Any CPU
		{9FF5915B-F31E-4C0F-8E53-52CE1527E35B}.Debug|Any CPU.Build.0 = Debug|Any CPU
		{9FF5915B-F31E-4C0F-8E53-52CE1527E35B}.Release|Any CPU.ActiveCfg = Release|Any CPU
		{9FF5915B-F31E-4C0F-8E53-52CE1527E35B}.Release|Any CPU.Build.0 = Release|Any CPU
	EndGlobalSection
	GlobalSection(SolutionProperties) = preSolution
		HideSolutionNode = FALSE
	EndGlobalSection
	GlobalSection(NestedProjects) = preSolution
		{9FF5915B-F31E-4C0F-8E53-52CE1527E35B} = {5C46D1BA-9DD4-496B-B1FC-DB52471F08C0}
	EndGlobalSection
EndGlobal
